<?xml version="1.0" encoding="utf-8"?>
<Project ToolsVersion="4.0" xmlns="http://schemas.microsoft.com/developer/msbuild/2003">
  <ItemGroup>
    <Filter Include="Common">
      <UniqueIdentifier>{98cd0661-4ce3-4a8e-b21b-31b526d3e83c}</UniqueIdentifier>
    </Filter>
    <Filter Include="RTCP">
      <UniqueIdentifier>{8b21c893-d91f-4a47-8c75-cde31b8a0922}</UniqueIdentifier>
    </Filter>
    <Filter Include="RTP">
      <UniqueIdentifier>{0678b7c3-fbb8-452f-9835-f27ace3f4455}</UniqueIdentifier>
    </Filter>
    <Filter Include="RTSP">
      <UniqueIdentifier>{ed273425-e60d-4595-82cb-c45110f1d882}</UniqueIdentifier>
    </Filter>
    <Filter Include="Sock">
      <UniqueIdentifier>{5aa71093-0ac9-46b1-8b0b-397158185748}</UniqueIdentifier>
    </Filter>
    <Filter Include="Util">
      <UniqueIdentifier>{2dcb3b50-a8cf-400b-a50e-4431d00c752e}</UniqueIdentifier>
    </Filter>
    <Filter Include="OS_Common">
      <UniqueIdentifier>{86c84f26-013a-46c4-9b52-bfe5f0735764}</UniqueIdentifier>
    </Filter>
  </ItemGroup>
  <ItemGroup>
    <ClCompile Include="..\..\RTSPClient\Common\DigestAuthentication.cpp">
      <Filter>Common</Filter>
    </ClCompile>
    <ClCompile Include="..\..\Common\RTSPCommon.cpp">
      <Filter>Common</Filter>
    </ClCompile>
    <ClCompile Include="..\..\Common\RTSPCommonEnv.cpp">
      <Filter>Common</Filter>
    </ClCompile>
    <ClCompile Include="..\..\RTSPClient\RTCP\BasicHashTable.cpp">
      <Filter>RTCP</Filter>
    </ClCompile>
    <ClCompile Include="..\..\RTSPClient\RTCP\HashTable.cpp">
      <Filter>RTCP</Filter>
    </ClCompile>
    <ClCompile Include="..\..\RTSPClient\RTCP\OutPacketBuffer.cpp">
      <Filter>RTCP</Filter>
    </ClCompile>
    <ClCompile Include="..\..\RTSPClient\RTCP\RTCP.cpp">
      <Filter>RTCP</Filter>
    </ClCompile>
    <ClCompile Include="..\..\RTSPClient\RTCP\rtcp_from_spec.c">
      <Filter>RTCP</Filter>
    </ClCompile>
    <ClCompile Include="..\..\RTSPClient\RTCP\RTCPInstance.cpp">
      <Filter>RTCP</Filter>
    </ClCompile>
    <ClCompile Include="..\..\RTSPClient\RTP\AC3RTPSource.cpp">
      <Filter>RTP</Filter>
    </ClCompile>
    <ClCompile Include="..\..\RTSPClient\RTP\H264RTPSource.cpp">
      <Filter>RTP</Filter>
    </ClCompile>
    <ClCompile Include="..\..\RTSPClient\RTP\JPEGRTPSource.cpp">
      <Filter>RTP</Filter>
    </ClCompile>
    <ClCompile Include="..\..\RTSPClient\RTP\MPEG4ESRTPSource.cpp">
      <Filter>RTP</Filter>
    </ClCompile>
    <ClCompile Include="..\..\RTSPClient\RTP\RTPPacketBuffer.cpp">
      <Filter>RTP</Filter>
    </ClCompile>
    <ClCompile Include="..\..\RTSPClient\RTP\RTPSource.cpp">
      <Filter>RTP</Filter>
    </ClCompile>
    <ClCompile Include="..\..\RTSPClient\RTSP\MediaSession.cpp">
      <Filter>RTSP</Filter>
    </ClCompile>
    <ClCompile Include="..\..\RTSPClient\RTSP\RTSPClient.cpp">
      <Filter>RTSP</Filter>
    </ClCompile>
    <ClCompile Include="..\..\Sock\MySock.cpp">
      <Filter>Sock</Filter>
    </ClCompile>
    <ClCompile Include="..\..\Sock\SockCommon.cpp">
      <Filter>Sock</Filter>
    </ClCompile>
    <ClCompile Include="..\..\Sock\TaskScheduler.cpp">
      <Filter>Sock</Filter>
    </ClCompile>
    <ClCompile Include="..\..\Util\Base64.cpp">
      <Filter>Util</Filter>
    </ClCompile>
    <ClCompile Include="..\..\Util\our_md5.c">
      <Filter>Util</Filter>
    </ClCompile>
    <ClCompile Include="..\..\Util\our_md5hl.c">
      <Filter>Util</Filter>
    </ClCompile>
    <ClCompile Include="..\..\Util\util.cpp">
      <Filter>Util</Filter>
    </ClCompile>
    <ClCompile Include="..\..\OS_Common\Event.cpp">
      <Filter>OS_Common</Filter>
    </ClCompile>
    <ClCompile Include="..\..\OS_Common\Mutex.cpp">
      <Filter>OS_Common</Filter>
    </ClCompile>
    <ClCompile Include="..\..\OS_Common\Thread.cpp">
      <Filter>OS_Common</Filter>
    </ClCompile>
    <ClCompile Include="..\..\RTSPClient\RTP\H265RTPSource.cpp">
      <Filter>RTP</Filter>
    </ClCompile>
    <ClCompile Include="..\..\RTSPClient\RTP\MPEG4GenericRTPSource.cpp">
      <Filter>RTP</Filter>
    </ClCompile>
    <ClCompile Include="..\..\RTSPClient\Common\BitVector.cpp">
      <Filter>Common</Filter>
    </ClCompile>
  </ItemGroup>
  <ItemGroup>
    <ClInclude Include="..\..\RTSPClient\Common\DigestAuthentication.hh">
      <Filter>Common</Filter>
    </ClInclude>
    <ClInclude Include="..\..\Common\RTSPCommon.h">
      <Filter>Common</Filter>
    </ClInclude>
    <ClInclude Include="..\..\Common\RTSPCommonEnv.h">
      <Filter>Common</Filter>
    </ClInclude>
    <ClInclude Include="..\..\RTSPClient\RTCP\BasicHashTable.hh">
      <Filter>RTCP</Filter>
    </ClInclude>
    <ClInclude Include="..\..\RTSPClient\RTCP\HashTable.hh">
      <Filter>RTCP</Filter>
    </ClInclude>
    <ClInclude Include="..\..\RTSPClient\RTCP\OutPacketBuffer.h">
      <Filter>RTCP</Filter>
    </ClInclude>
    <ClInclude Include="..\..\RTSPClient\RTCP\RTCP.h">
      <Filter>RTCP</Filter>
    </ClInclude>
    <ClInclude Include="..\..\RTSPClient\RTCP\rtcp_from_spec.h">
      <Filter>RTCP</Filter>
    </ClInclude>
    <ClInclude Include="..\..\RTSPClient\RTCP\RTCPInstance.h">
      <Filter>RTCP</Filter>
    </ClInclude>
    <ClInclude Include="..\..\RTSPClient\RTP\AC3RTPSource.h">
      <Filter>RTP</Filter>
    </ClInclude>
    <ClInclude Include="..\..\RTSPClient\RTP\H264RTPSource.h">
      <Filter>RTP</Filter>
    </ClInclude>
    <ClInclude Include="..\..\RTSPClient\RTP\JPEGRTPSource.h">
      <Filter>RTP</Filter>
    </ClInclude>
    <ClInclude Include="..\..\RTSPClient\RTP\MPEG4ESRTPSource.h">
      <Filter>RTP</Filter>
    </ClInclude>
    <ClInclude Include="..\..\RTSPClient\RTP\RTPPacketBuffer.h">
      <Filter>RTP</Filter>
    </ClInclude>
    <ClInclude Include="..\..\RTSPClient\RTP\RTPSource.h">
      <Filter>RTP</Filter>
    </ClInclude>
    <ClInclude Include="..\..\RTSPClient\RTSP\MediaSession.h">
      <Filter>RTSP</Filter>
    </ClInclude>
    <ClInclude Include="..\..\RTSPClient\RTSP\RTSPClient.h">
      <Filter>RTSP</Filter>
    </ClInclude>
    <ClInclude Include="..\..\Sock\MySock.h">
      <Filter>Sock</Filter>
    </ClInclude>
    <ClInclude Include="..\..\Sock\SockCommon.h">
      <Filter>Sock</Filter>
    </ClInclude>
    <ClInclude Include="..\..\Sock\TaskScheduler.h">
      <Filter>Sock</Filter>
    </ClInclude>
    <ClInclude Include="..\..\Util\Base64.hh">
      <Filter>Util</Filter>
    </ClInclude>
    <ClInclude Include="..\..\Util\our_md5.h">
      <Filter>Util</Filter>
    </ClInclude>
    <ClInclude Include="..\..\Util\util.h">
      <Filter>Util</Filter>
    </ClInclude>
    <ClInclude Include="..\..\OS_Common\Event.h">
      <Filter>OS_Common</Filter>
    </ClInclude>
    <ClInclude Include="..\..\OS_Common\Mutex.h">
      <Filter>OS_Common</Filter>
    </ClInclude>
    <ClInclude Include="..\..\OS_Common\NetCommon.h">
      <Filter>OS_Common</Filter>
    </ClInclude>
    <ClInclude Include="..\..\OS_Common\Thread.h">
      <Filter>OS_Common</Filter>
    </ClInclude>
  </ItemGroup>
</Project>